
Microsoft Visual Studio Solution File, Format Version 12.00
# Visual Studio Version 17
VisualStudioVersion = 17.8.34316.72
MinimumVisualStudioVersion = 10.0.40219.1
Project("{9A19103F-16F7-4668-BE54-9A1E7A4F7556}") = "SampleMailHub", "SampleMailHub\SampleMailHub.csproj", "{54FB17EA-EEC4-4D76-A3ED-7E28909E50A9}"
EndProject
Project("{9A19103F-16F7-4668-BE54-9A1E7A4F7556}") = "Mail.Hub.Domain", "Mail.Hub.Domain\Mail.Hub.Domain.csproj", "{3097C681-1F34-45B9-BC8D-C41CCF99BDD4}"
EndProject
Project("{2150E333-8FDC-42A3-9474-1A3956D46DE8}") = "Solution Items", "Solution Items", "{4302F37A-9023-4E5A-9653-68D6CFC5D7E2}"
	ProjectSection(SolutionItems) = preProject
		deploy-docker-compose.ps1 = deploy-docker-compose.ps1
		docker-compose.yml = docker-compose.yml
	EndProjectSection
EndProject
Global
	GlobalSection(SolutionConfigurationPlatforms) = preSolution
		Debug|Any CPU = Debug|Any CPU
		Release|Any CPU = Release|Any CPU
	EndGlobalSection
	GlobalSection(ProjectConfigurationPlatforms) = postSolution
		{54FB17EA-EEC4-4D76-A3ED-7E28909E50A9}.Debug|Any CPU.ActiveCfg = Debug|Any CPU
		{54FB17EA-EEC4-4D76-A3ED-7E28909E50A9}.Debug|Any CPU.Build.0 = Debug|Any CPU
		{54FB17EA-EEC4-4D76-A3ED-7E28909E50A9}.Release|Any CPU.ActiveCfg = Release|Any CPU
		{54FB17EA-EEC4-4D76-A3ED-7E28909E50A9}.Release|Any CPU.Build.0 = Release|Any CPU
		{3097C681-1F34-45B9-BC8D-C41CCF99BDD4}.Debug|Any CPU.ActiveCfg = Debug|Any CPU
		{3097C681-1F34-45B9-BC8D-C41CCF99BDD4}.Debug|Any CPU.Build.0 = Debug|Any CPU
		{3097C681-1F34-45B9-BC8D-C41CCF99BDD4}.Release|Any CPU.ActiveCfg = Release|Any CPU
		{3097C681-1F34-45B9-BC8D-C41CCF99BDD4}.Release|Any CPU.Build.0 = Release|Any CPU
	EndGlobalSection
	GlobalSection(SolutionProperties) = preSolution
		HideSolutionNode = FALSE
	EndGlobalSection
	GlobalSection(ExtensibilityGlobals) = postSolution
		SolutionGuid = {B488B8B5-E3A4-4DFC-809F-B43FB46AC3C0}
	EndGlobalSection
EndGlobal
